
Microsoft Visual Studio Solution File, Format Version 12.00
# Visual Studio Version 17
VisualStudioVersion = 17.1.32421.90
MinimumVisualStudioVersion = 10.0.40219.1
Project("{FAE04EC0-301F-11D3-BF4B-00C04F79EFBC}") = "PairOrder", "PairOrder\PairOrder.csproj", "{5C922AA6-E89A-4958-B070-518F4AFA056D}"
EndProject
Global
	GlobalSection(SolutionConfigurationPlatforms) = preSolution
		Debug|Any CPU = Debug|Any CPU
		Release|Any CPU = Release|Any CPU
	EndGlobalSection
	GlobalSection(ProjectConfigurationPlatforms) = postSolution
		{5C922AA6-E89A-4958-B070-518F4AFA056D}.Debug|Any CPU.ActiveCfg = Debug|Any CPU
		{5C922AA6-E89A-4958-B070-518F4AFA056D}.Debug|Any CPU.Build.0 = Debug|Any CPU
		{5C922AA6-E89A-4958-B070-518F4AFA056D}.Release|Any CPU.ActiveCfg = Release|Any CPU
		{5C922AA6-E89A-4958-B070-518F4AFA056D}.Release|Any CPU.Build.0 = Release|Any CPU
	EndGlobalSection
	GlobalSection(SolutionProperties) = preSolution
		HideSolutionNode = FALSE
	EndGlobalSection
	GlobalSection(ExtensibilityGlobals) = postSolution
		SolutionGuid = {FA7EE589-9C99-47FE-850F-02C26E23F1C2}
	EndGlobalSection
EndGlobal
